// !$*UTF8*$!
{
	archiveVersion = 1;
	classes = {
	};
	objectVersion = 50;
	objects = {

/* Begin PBXBuildFile section */
		51044B73084C79256283B888 /* Pods_RentLA.framework in Frameworks */ = {isa = PBXBuildFile; fileRef = A9571504600A9851C32696CA /* Pods_RentLA.framework */; };
		84AEF4C52530F489007B95FF /* AppDelegate.swift in Sources */ = {isa = PBXBuildFile; fileRef = 84AEF4C42530F489007B95FF /* AppDelegate.swift */; };
		84AEF4C72530F489007B95FF /* SceneDelegate.swift in Sources */ = {isa = PBXBuildFile; fileRef = 84AEF4C62530F489007B95FF /* SceneDelegate.swift */; };
		84AEF4C92530F489007B95FF /* ViewController.swift in Sources */ = {isa = PBXBuildFile; fileRef = 84AEF4C82530F489007B95FF /* ViewController.swift */; };
		84AEF4CC2530F489007B95FF /* Main.storyboard in Resources */ = {isa = PBXBuildFile; fileRef = 84AEF4CA2530F489007B95FF /* Main.storyboard */; };
		84AEF4CE2530F48A007B95FF /* Assets.xcassets in Resources */ = {isa = PBXBuildFile; fileRef = 84AEF4CD2530F48A007B95FF /* Assets.xcassets */; };
		84AEF4D12530F48A007B95FF /* LaunchScreen.storyboard in Resources */ = {isa = PBXBuildFile; fileRef = 84AEF4CF2530F48A007B95FF /* LaunchScreen.storyboard */; };
/* End PBXBuildFile section */

/* Begin PBXFileReference section */
		5F9A13B07BE630605F75627E /* Pods-RentLA.debug.xcconfig */ = {isa = PBXFileReference; includeInIndex = 1; lastKnownFileType = text.xcconfig; name = "Pods-RentLA.debug.xcconfig"; path = "Target Support Files/Pods-RentLA/Pods-RentLA.debug.xcconfig"; sourceTree = "<group>"; };
		60C3536BF0D7F37030E26BCF /* Pods-RentLA.release.xcconfig */ = {isa = PBXFileReference; includeInIndex = 1; lastKnownFileType = text.xcconfig; name = "Pods-RentLA.release.xcconfig"; path = "Target Support Files/Pods-RentLA/Pods-RentLA.release.xcconfig"; sourceTree = "<group>"; };
		84AEF4C12530F489007B95FF /* RentLA.app */ = {isa = PBXFileReference; explicitFileType = wrapper.application; includeInIndex = 0; path = RentLA.app; sourceTree = BUILT_PRODUCTS_DIR; };
		84AEF4C42530F489007B95FF /* AppDelegate.swift */ = {isa = PBXFileReference; lastKnownFileType = sourcecode.swift; path = AppDelegate.swift; sourceTree = "<group>"; };
		84AEF4C62530F489007B95FF /* SceneDelegate.swift */ = {isa = PBXFileReference; lastKnownFileType = sourcecode.swift; path = SceneDelegate.swift; sourceTree = "<group>"; };
		84AEF4C82530F489007B95FF /* ViewController.swift */ = {isa = PBXFileReference; lastKnownFileType = sourcecode.swift; path = ViewController.swift; sourceTree = "<group>"; };
		84AEF4CB2530F489007B95FF /* Base */ = {isa = PBXFileReference; lastKnownFileType = file.storyboard; name = Base; path = Base.lproj/Main.storyboard; sourceTree = "<group>"; };
		84AEF4CD2530F48A007B95FF /* Assets.xcassets */ = {isa = PBXFileReference; lastKnownFileType = folder.assetcatalog; path = Assets.xcassets; sourceTree = "<group>"; };
		84AEF4D02530F48A007B95FF /* Base */ = {isa = PBXFileReference; lastKnownFileType = file.storyboard; name = Base; path = Base.lproj/LaunchScreen.storyboard; sourceTree = "<group>"; };
		84AEF4D22530F48A007B95FF /* Info.plist */ = {isa = PBXFileReference; lastKnownFileType = text.plist.xml; path = Info.plist; sourceTree = "<group>"; };
		A9571504600A9851C32696CA /* Pods_RentLA.framework */ = {isa = PBXFileReference; explicitFileType = wrapper.framework; includeInIndex = 0; path = Pods_RentLA.framework; sourceTree = BUILT_PRODUCTS_DIR; };
/* End PBXFileReference section */

/* Begin PBXFrameworksBuildPhase section */
		84AEF4BE2530F489007B95FF /* Frameworks */ = {
			isa = PBXFrameworksBuildPhase;
			buildActionMask = 2147483647;
			files = (
				51044B73084C79256283B888 /* Pods_RentLA.framework in Frameworks */,
			);
			runOnlyForDeploymentPostprocessing = 0;
		};
/* End PBXFrameworksBuildPhase section */

/* Begin PBXGroup section */
		84AEF4B82530F489007B95FF = {
			isa = PBXGroup;
			children = (
				84AEF4C32530F489007B95FF /* RentLA */,
				84AEF4C22530F489007B95FF /* Products */,
				B434DA532D4AED5395D202DA /* Pods */,
				A4E6884892C7C576F4E02B07 /* Frameworks */,
			);
			sourceTree = "<group>";
		};
		84AEF4C22530F489007B95FF /* Products */ = {
			isa = PBXGroup;
			children = (
				84AEF4C12530F489007B95FF /* RentLA.app */,
			);
			name = Products;
			sourceTree = "<group>";
		};
		84AEF4C32530F489007B95FF /* RentLA */ = {
			isa = PBXGroup;
			children = (
				84AEF4C42530F489007B95FF /* AppDelegate.swift */,
				84AEF4C62530F489007B95FF /* SceneDelegate.swift */,
				84AEF4C82530F489007B95FF /* ViewController.swift */,
				84AEF4CA2530F489007B95FF /* Main.storyboard */,
				84AEF4CD2530F48A007B95FF /* Assets.xcassets */,
				84AEF4CF2530F48A007B95FF /* LaunchScreen.storyboard */,
				84AEF4D22530F48A007B95FF /* Info.plist */,
			);
			path = RentLA;
			sourceTree = "<group>";
		};
		A4E6884892C7C576F4E02B07 /* Frameworks */ = {
			isa = PBXGroup;
			children = (
				A9571504600A9851C32696CA /* Pods_RentLA.framework */,
			);
			name = Frameworks;
			sourceTree = "<group>";
		};
		B434DA532D4AED5395D202DA /* Pods */ = {
			isa = PBXGroup;
			children = (
				5F9A13B07BE630605F75627E /* Pods-RentLA.debug.xcconfig */,
				60C3536BF0D7F37030E26BCF /* Pods-RentLA.release.xcconfig */,
			);
			name = Pods;
			path = Pods;
			sourceTree = "<group>";
		};
/* End PBXGroup section */

/* Begin PBXNativeTarget section */
		84AEF4C02530F489007B95FF /* RentLA */ = {
			isa = PBXNativeTarget;
			buildConfigurationList = 84AEF4D52530F48A007B95FF /* Build configuration list for PBXNativeTarget "RentLA" */;
			buildPhases = (
				5322FFFEDCF4ADB9B813327B /* [CP] Check Pods Manifest.lock */,
				84AEF4BD2530F489007B95FF /* Sources */,
				84AEF4BE2530F489007B95FF /* Frameworks */,
				84AEF4BF2530F489007B95FF /* Resources */,
			);
			buildRules = (
			);
			dependencies = (
			);
			name = RentLA;
			productName = RentLA;
			productReference = 84AEF4C12530F489007B95FF /* RentLA.app */;
			productType = "com.apple.product-type.application";
		};
/* End PBXNativeTarget section */

/* Begin PBXProject section */
		84AEF4B92530F489007B95FF /* Project object */ = {
			isa = PBXProject;
			attributes = {
				LastSwiftUpdateCheck = 1200;
				LastUpgradeCheck = 1200;
				TargetAttributes = {
					84AEF4C02530F489007B95FF = {
						CreatedOnToolsVersion = 12.0.1;
					};
				};
			};
			buildConfigurationList = 84AEF4BC2530F489007B95FF /* Build configuration list for PBXProject "RentLA" */;
			compatibilityVersion = "Xcode 9.3";
			developmentRegion = en;
			hasScannedForEncodings = 0;
			knownRegions = (
				en,
				Base,
			);
			mainGroup = 84AEF4B82530F489007B95FF;
			productRefGroup = 84AEF4C22530F489007B95FF /* Products */;
			projectDirPath = "";
			projectRoot = "";
			targets = (
				84AEF4C02530F489007B95FF /* RentLA */,
			);
		};
/* End PBXProject section */

/* Begin PBXResourcesBuildPhase section */
		84AEF4BF2530F489007B95FF /* Resources */ = {
			isa = PBXResourcesBuildPhase;
			buildActionMask = 2147483647;
			files = (
				84AEF4D12530F48A007B95FF /* LaunchScreen.storyboard in Resources */,
				84AEF4CE2530F48A007B95FF /* Assets.xcassets in Resources */,
				84AEF4CC2530F489007B95FF /* Main.storyboard in Resources */,
			);
			runOnlyForDeploymentPostprocessing = 0;
		};
/* End PBXResourcesBuildPhase section */

/* Begin PBXShellScriptBuildPhase section */
		5322FFFEDCF4ADB9B813327B /* [CP] Check Pods Manifest.lock */ = {
			isa = PBXShellScriptBuildPhase;
			buildActionMask = 2147483647;
			files = (
			);
			inputFileListPaths = (
			);
			inputPaths = (
				"${PODS_PODFILE_DIR_PATH}/Podfile.lock",
				"${PODS_ROOT}/Manifest.lock",
			);
			name = "[CP] Check Pods Manifest.lock";
			outputFileListPaths = (
			);
			outputPaths = (
				"$(DERIVED_FILE_DIR)/Pods-RentLA-checkManifestLockResult.txt",
			);
			runOnlyForDeploymentPostprocessing = 0;
			shellPath = /bin/sh;
			shellScript = "diff \"${PODS_PODFILE_DIR_PATH}/Podfile.lock\" \"${PODS_ROOT}/Manifest.lock\" > /dev/null\nif [ $? != 0 ] ; then\n    # print error to STDERR\n    echo \"error: The sandbox is not in sync with the Podfile.lock. Run 'pod install' or update your CocoaPods installation.\" >&2\n    exit 1\nfi\n# This output is used by Xcode 'outputs' to avoid re-running this script phase.\necho \"SUCCESS\" > \"${SCRIPT_OUTPUT_FILE_0}\"\n";
			showEnvVarsInLog = 0;
		};
/* End PBXShellScriptBuildPhase section */

/* Begin PBXSourcesBuildPhase section */
		84AEF4BD2530F489007B95FF /* Sources */ = {
			isa = PBXSourcesBuildPhase;
			buildActionMask = 2147483647;
			files = (
				84AEF4C92530F489007B95FF /* ViewController.swift in Sources */,
				84AEF4C52530F489007B95FF /* AppDelegate.swift in Sources */,
				84AEF4C72530F489007B95FF /* SceneDelegate.swift in Sources */,
			);
			runOnlyForDeploymentPostprocessing = 0;
		};
/* End PBXSourcesBuildPhase section */

/* Begin PBXVariantGroup section */
		84AEF4CA2530F489007B95FF /* Main.storyboard */ = {
			isa = PBXVariantGroup;
			children = (
				84AEF4CB2530F489007B95FF /* Base */,
			);
			name = Main.storyboard;
			sourceTree = "<group>";
		};
		84AEF4CF2530F48A007B95FF /* LaunchScreen.storyboard */ = {
			isa = PBXVariantGroup;
			children = (
				84AEF4D02530F48A007B95FF /* Base */,
			);
			name = LaunchScreen.storyboard;
			sourceTree = "<group>";
		};
/* End PBXVariantGroup section */

/* Begin XCBuildConfiguration section */
		84AEF4D32530F48A007B95FF /* Debug */ = {
			isa = XCBuildConfiguration;
			buildSettings = {
				ALWAYS_SEARCH_USER_PATHS = NO;
				CLANG_ANALYZER_NONNULL = YES;
				CLANG_ANALYZER_NUMBER_OBJECT_CONVERSION = YES_AGGRESSIVE;
				CLANG_CXX_LANGUAGE_STANDARD = "gnu++14";
				CLANG_CXX_LIBRARY = "libc++";
				CLANG_ENABLE_MODULES = YES;
				CLANG_ENABLE_OBJC_ARC = YES;
				CLANG_ENABLE_OBJC_WEAK = YES;
				CLANG_WARN_BLOCK_CAPTURE_AUTORELEASING = YES;
				CLANG_WARN_BOOL_CONVERSION = YES;
				CLANG_WARN_COMMA = YES;
				CLANG_WARN_CONSTANT_CONVERSION = YES;
				CLANG_WARN_DEPRECATED_OBJC_IMPLEMENTATIONS = YES;
				CLANG_WARN_DIRECT_OBJC_ISA_USAGE = YES_ERROR;
				CLANG_WARN_DOCUMENTATION_COMMENTS = YES;
				CLANG_WARN_EMPTY_BODY = YES;
				CLANG_WARN_ENUM_CONVERSION = YES;
				CLANG_WARN_INFINITE_RECURSION = YES;
				CLANG_WARN_INT_CONVERSION = YES;
				CLANG_WARN_NON_LITERAL_NULL_CONVERSION = YES;
				CLANG_WARN_OBJC_IMPLICIT_RETAIN_SELF = YES;
				CLANG_WARN_OBJC_LITERAL_CONVERSION = YES;
				CLANG_WARN_OBJC_ROOT_CLASS = YES_ERROR;
				CLANG_WARN_QUOTED_INCLUDE_IN_FRAMEWORK_HEADER = YES;
				CLANG_WARN_RANGE_LOOP_ANALYSIS = YES;
				CLANG_WARN_STRICT_PROTOTYPES = YES;
				CLANG_WARN_SUSPICIOUS_MOVE = YES;
				CLANG_WARN_UNGUARDED_AVAILABILITY = YES_AGGRESSIVE;
				CLANG_WARN_UNREACHABLE_CODE = YES;
				CLANG_WARN__DUPLICATE_METHOD_MATCH = YES;
				COPY_PHASE_STRIP = NO;
				DEBUG_INFORMATION_FORMAT = dwarf;
				ENABLE_STRICT_OBJC_MSGSEND = YES;
				ENABLE_TESTABILITY = YES;
				GCC_C_LANGUAGE_STANDARD = gnu11;
				GCC_DYNAMIC_NO_PIC = NO;
				GCC_NO_COMMON_BLOCKS = YES;
				GCC_OPTIMIZATION_LEVEL = 0;
				GCC_PREPROCESSOR_DEFINITIONS = (
					"DEBUG=1",
					"$(inherited)",
				);
				GCC_WARN_64_TO_32_BIT_CONVERSION = YES;
				GCC_WARN_ABOUT_RETURN_TYPE = YES_ERROR;
				GCC_WARN_UNDECLARED_SELECTOR = YES;
				GCC_WARN_UNINITIALIZED_AUTOS = YES_AGGRESSIVE;
				GCC_WARN_UNUSED_FUNCTION = YES;
				GCC_WARN_UNUSED_VARIABLE = YES;
				IPHONEOS_DEPLOYMENT_TARGET = 14.0;
				MTL_ENABLE_DEBUG_INFO = INCLUDE_SOURCE;
				MTL_FAST_MATH = YES;
				ONLY_ACTIVE_ARCH = YES;
				SDKROOT = iphoneos;
				SWIFT_ACTIVE_COMPILATION_CONDITIONS = DEBUG;
				SWIFT_OPTIMIZATION_LEVEL = "-Onone";
			};
			name = Debug;
		};
		84AEF4D42530F48A007B95FF /* Release */ = {
			isa = XCBuildConfiguration;
			buildSettings = {
				ALWAYS_SEARCH_USER_PATHS = NO;
				CLANG_ANALYZER_NONNULL = YES;
				CLANG_ANALYZER_NUMBER_OBJECT_CONVERSION = YES_AGGRESSIVE;
				CLANG_CXX_LANGUAGE_STANDARD = "gnu++14";
				CLANG_CXX_LIBRARY = "libc++";
				CLANG_ENABLE_MODULES = YES;
				CLANG_ENABLE_OBJC_ARC = YES;
				CLANG_ENABLE_OBJC_WEAK = YES;
				CLANG_WARN_BLOCK_CAPTURE_AUTORELEASING = YES;
				CLANG_WARN_BOOL_CONVERSION = YES;
				CLANG_WARN_COMMA = YES;
				CLANG_WARN_CONSTANT_CONVERSION = YES;
				CLANG_WARN_DEPRECATED_OBJC_IMPLEMENTATIONS = YES;
				CLANG_WARN_DIRECT_OBJC_ISA_USAGE = YES_ERROR;
				CLANG_WARN_DOCUMENTATION_COMMENTS = YES;
				CLANG_WARN_EMPTY_BODY = YES;
				CLANG_WARN_ENUM_CONVERSION = YES;
				CLANG_WARN_INFINITE_RECURSION = YES;
				CLANG_WARN_INT_CONVERSION = YES;
				CLANG_WARN_NON_LITERAL_NULL_CONVERSION = YES;
				CLANG_WARN_OBJC_IMPLICIT_RETAIN_SELF = YES;
				CLANG_WARN_OBJC_LITERAL_CONVERSION = YES;
				CLANG_WARN_OBJC_ROOT_CLASS = YES_ERROR;
				CLANG_WARN_QUOTED_INCLUDE_IN_FRAMEWORK_HEADER = YES;
				CLANG_WARN_RANGE_LOOP_ANALYSIS = YES;
				CLANG_WARN_STRICT_PROTOTYPES = YES;
				CLANG_WARN_SUSPICIOUS_MOVE = YES;
				CLANG_WARN_UNGUARDED_AVAILABILITY = YES_AGGRESSIVE;
				CLANG_WARN_UNREACHABLE_CODE = YES;
				CLANG_WARN__DUPLICATE_METHOD_MATCH = YES;
				COPY_PHASE_STRIP = NO;
				DEBUG_INFORMATION_FORMAT = "dwarf-with-dsym";
				ENABLE_NS_ASSERTIONS = NO;
				ENABLE_STRICT_OBJC_MSGSEND = YES;
				GCC_C_LANGUAGE_STANDARD = gnu11;
				GCC_NO_COMMON_BLOCKS = YES;
				GCC_WARN_64_TO_32_BIT_CONVERSION = YES;
				GCC_WARN_ABOUT_RETURN_TYPE = YES_ERROR;
				GCC_WARN_UNDECLARED_SELECTOR = YES;
				GCC_WARN_UNINITIALIZED_AUTOS = YES_AGGRESSIVE;
				GCC_WARN_UNUSED_FUNCTION = YES;
				GCC_WARN_UNUSED_VARIABLE = YES;
				IPHONEOS_DEPLOYMENT_TARGET = 14.0;
				MTL_ENABLE_DEBUG_INFO = NO;
				MTL_FAST_MATH = YES;
				SDKROOT = iphoneos;
				SWIFT_COMPILATION_MODE = wholemodule;
				SWIFT_OPTIMIZATION_LEVEL = "-O";
				VALIDATE_PRODUCT = YES;
			};
			name = Release;
		};
		84AEF4D62530F48A007B95FF /* Debug */ = {
			isa = XCBuildConfiguration;
			baseConfigurationReference = 5F9A13B07BE630605F75627E /* Pods-RentLA.debug.xcconfig */;
			buildSettings = {
				ASSETCATALOG_COMPILER_APPICON_NAME = AppIcon;
				ASSETCATALOG_COMPILER_GLOBAL_ACCENT_COLOR_NAME = AccentColor;
				CODE_SIGN_STYLE = Automatic;
				DEVELOPMENT_TEAM = 4X2BFFT7AS;
				INFOPLIST_FILE = RentLA/Info.plist;
				LD_RUNPATH_SEARCH_PATHS = (
					"$(inherited)",
					"@executable_path/Frameworks",
				);
				PRODUCT_BUNDLE_IDENTIFIER = com.sts.RentLA;
				PRODUCT_NAME = "$(TARGET_NAME)";
				SWIFT_VERSION = 5.0;
				TARGETED_DEVICE_FAMILY = "1,2";
			};
			name = Debug;
		};
		84AEF4D72530F48A007B95FF /* Release */ = {
			isa = XCBuildConfiguration;
			baseConfigurationReference = 60C3536BF0D7F37030E26BCF /* Pods-RentLA.release.xcconfig */;
			buildSettings = {
				ASSETCATALOG_COMPILER_APPICON_NAME = AppIcon;
				ASSETCATALOG_COMPILER_GLOBAL_ACCENT_COLOR_NAME = AccentColor;
				CODE_SIGN_STYLE = Automatic;
				DEVELOPMENT_TEAM = 4X2BFFT7AS;
				INFOPLIST_FILE = RentLA/Info.plist;
				LD_RUNPATH_SEARCH_PATHS = (
					"$(inherited)",
					"@executable_path/Frameworks",
				);
				PRODUCT_BUNDLE_IDENTIFIER = com.sts.RentLA;
				PRODUCT_NAME = "$(TARGET_NAME)";
				SWIFT_VERSION = 5.0;
				TARGETED_DEVICE_FAMILY = "1,2";
			};
			name = Release;
		};
/* End XCBuildConfiguration section */

/* Begin XCConfigurationList section */
		84AEF4BC2530F489007B95FF /* Build configuration list for PBXProject "RentLA" */ = {
			isa = XCConfigurationList;
			buildConfigurations = (
				84AEF4D32530F48A007B95FF /* Debug */,
				84AEF4D42530F48A007B95FF /* Release */,
			);
			defaultConfigurationIsVisible = 0;
			defaultConfigurationName = Release;
		};
		84AEF4D52530F48A007B95FF /* Build configuration list for PBXNativeTarget "RentLA" */ = {
			isa = XCConfigurationList;
			buildConfigurations = (
				84AEF4D62530F48A007B95FF /* Debug */,
				84AEF4D72530F48A007B95FF /* Release */,
			);
			defaultConfigurationIsVisible = 0;
			defaultConfigurationName = Release;
		};
/* End XCConfigurationList section */
	};
	rootObject = 84AEF4B92530F489007B95FF /* Project object */;
}
